
Microsoft Visual Studio Solution File, Format Version 12.00
# Visual Studio 15
VisualStudioVersion = 15.0.26430.14
MinimumVisualStudioVersion = 15.0.26124.0
Project("{9A19103F-16F7-4668-BE54-9A1E7A4F7556}") = "Fe", "Fe\Fe.csproj", "{1684CEAC-F192-488D-B133-D567FA898172}"
EndProject
Project("{2150E333-8FDC-42A3-9474-1A3956D46DE8}") = "Examples", "Examples", "{5AEB0759-025D-47CD-A529-FF7FE61C9C49}"
EndProject
Project("{9A19103F-16F7-4668-BE54-9A1E7A4F7556}") = "StressTest1", "Examples\StressTest1\StressTest1.csproj", "{D1CC847F-85BD-47A4-8F7C-2C7DCD023204}"
EndProject
Project("{9A19103F-16F7-4668-BE54-9A1E7A4F7556}") = "ExampleBase", "Examples\ExampleBase\ExampleBase.csproj", "{0C1268BE-5C2E-4CBB-A9C8-553097CEDBBE}"
EndProject
Project("{9A19103F-16F7-4668-BE54-9A1E7A4F7556}") = "SplitScreen", "Examples\SplitScreen\SplitScreen.csproj", "{76EE3AF0-4D5B-48A1-8875-5D1743A1469E}"
EndProject
Project("{9A19103F-16F7-4668-BE54-9A1E7A4F7556}") = "Dynamic", "Examples\Dynamic\Dynamic.csproj", "{36E425A6-C986-4BAB-9843-9F97375A1A99}"
EndProject
Project("{9A19103F-16F7-4668-BE54-9A1E7A4F7556}") = "Fe.Extra", "Fe.Extra\Geometry\Fe.Extra.csproj", "{D84F3BCB-6D95-42F6-8A7F-6CD6D945EC09}"
EndProject
Project("{9A19103F-16F7-4668-BE54-9A1E7A4F7556}") = "Basics", "Examples\Basics\Basics.csproj", "{03031738-D01B-49E3-B877-2DC286867FC9}"
EndProject
Global
	GlobalSection(Performance) = preSolution
		HasPerformanceSessions = true
	EndGlobalSection
	GlobalSection(SolutionConfigurationPlatforms) = preSolution
		Debug|Any CPU = Debug|Any CPU
		Debug|x64 = Debug|x64
		Debug|x86 = Debug|x86
		Release|Any CPU = Release|Any CPU
		Release|x64 = Release|x64
		Release|x86 = Release|x86
	EndGlobalSection
	GlobalSection(ProjectConfigurationPlatforms) = postSolution
		{1684CEAC-F192-488D-B133-D567FA898172}.Debug|Any CPU.ActiveCfg = Debug|Any CPU
		{1684CEAC-F192-488D-B133-D567FA898172}.Debug|Any CPU.Build.0 = Debug|Any CPU
		{1684CEAC-F192-488D-B133-D567FA898172}.Debug|x64.ActiveCfg = Debug|Any CPU
		{1684CEAC-F192-488D-B133-D567FA898172}.Debug|x64.Build.0 = Debug|Any CPU
		{1684CEAC-F192-488D-B133-D567FA898172}.Debug|x86.ActiveCfg = Debug|Any CPU
		{1684CEAC-F192-488D-B133-D567FA898172}.Debug|x86.Build.0 = Debug|Any CPU
		{1684CEAC-F192-488D-B133-D567FA898172}.Release|Any CPU.ActiveCfg = Release|Any CPU
		{1684CEAC-F192-488D-B133-D567FA898172}.Release|Any CPU.Build.0 = Release|Any CPU
		{1684CEAC-F192-488D-B133-D567FA898172}.Release|x64.ActiveCfg = Release|Any CPU
		{1684CEAC-F192-488D-B133-D567FA898172}.Release|x64.Build.0 = Release|Any CPU
		{1684CEAC-F192-488D-B133-D567FA898172}.Release|x86.ActiveCfg = Release|Any CPU
		{1684CEAC-F192-488D-B133-D567FA898172}.Release|x86.Build.0 = Release|Any CPU
		{D1CC847F-85BD-47A4-8F7C-2C7DCD023204}.Debug|Any CPU.ActiveCfg = Debug|Any CPU
		{D1CC847F-85BD-47A4-8F7C-2C7DCD023204}.Debug|Any CPU.Build.0 = Debug|Any CPU
		{D1CC847F-85BD-47A4-8F7C-2C7DCD023204}.Debug|x64.ActiveCfg = Debug|Any CPU
		{D1CC847F-85BD-47A4-8F7C-2C7DCD023204}.Debug|x64.Build.0 = Debug|Any CPU
		{D1CC847F-85BD-47A4-8F7C-2C7DCD023204}.Debug|x86.ActiveCfg = Debug|Any CPU
		{D1CC847F-85BD-47A4-8F7C-2C7DCD023204}.Debug|x86.Build.0 = Debug|Any CPU
		{D1CC847F-85BD-47A4-8F7C-2C7DCD023204}.Release|Any CPU.ActiveCfg = Release|Any CPU
		{D1CC847F-85BD-47A4-8F7C-2C7DCD023204}.Release|Any CPU.Build.0 = Release|Any CPU
		{D1CC847F-85BD-47A4-8F7C-2C7DCD023204}.Release|x64.ActiveCfg = Release|Any CPU
		{D1CC847F-85BD-47A4-8F7C-2C7DCD023204}.Release|x64.Build.0 = Release|Any CPU
		{D1CC847F-85BD-47A4-8F7C-2C7DCD023204}.Release|x86.ActiveCfg = Release|Any CPU
		{D1CC847F-85BD-47A4-8F7C-2C7DCD023204}.Release|x86.Build.0 = Release|Any CPU
		{0C1268BE-5C2E-4CBB-A9C8-553097CEDBBE}.Debug|Any CPU.ActiveCfg = Debug|Any CPU
		{0C1268BE-5C2E-4CBB-A9C8-553097CEDBBE}.Debug|Any CPU.Build.0 = Debug|Any CPU
		{0C1268BE-5C2E-4CBB-A9C8-553097CEDBBE}.Debug|x64.ActiveCfg = Debug|Any CPU
		{0C1268BE-5C2E-4CBB-A9C8-553097CEDBBE}.Debug|x64.Build.0 = Debug|Any CPU
		{0C1268BE-5C2E-4CBB-A9C8-553097CEDBBE}.Debug|x86.ActiveCfg = Debug|Any CPU
		{0C1268BE-5C2E-4CBB-A9C8-553097CEDBBE}.Debug|x86.Build.0 = Debug|Any CPU
		{0C1268BE-5C2E-4CBB-A9C8-553097CEDBBE}.Release|Any CPU.ActiveCfg = Release|Any CPU
		{0C1268BE-5C2E-4CBB-A9C8-553097CEDBBE}.Release|Any CPU.Build.0 = Release|Any CPU
		{0C1268BE-5C2E-4CBB-A9C8-553097CEDBBE}.Release|x64.ActiveCfg = Release|Any CPU
		{0C1268BE-5C2E-4CBB-A9C8-553097CEDBBE}.Release|x64.Build.0 = Release|Any CPU
		{0C1268BE-5C2E-4CBB-A9C8-553097CEDBBE}.Release|x86.ActiveCfg = Release|Any CPU
		{0C1268BE-5C2E-4CBB-A9C8-553097CEDBBE}.Release|x86.Build.0 = Release|Any CPU
		{76EE3AF0-4D5B-48A1-8875-5D1743A1469E}.Debug|Any CPU.ActiveCfg = Debug|Any CPU
		{76EE3AF0-4D5B-48A1-8875-5D1743A1469E}.Debug|Any CPU.Build.0 = Debug|Any CPU
		{76EE3AF0-4D5B-48A1-8875-5D1743A1469E}.Debug|x64.ActiveCfg = Debug|Any CPU
		{76EE3AF0-4D5B-48A1-8875-5D1743A1469E}.Debug|x64.Build.0 = Debug|Any CPU
		{76EE3AF0-4D5B-48A1-8875-5D1743A1469E}.Debug|x86.ActiveCfg = Debug|Any CPU
		{76EE3AF0-4D5B-48A1-8875-5D1743A1469E}.Debug|x86.Build.0 = Debug|Any CPU
		{76EE3AF0-4D5B-48A1-8875-5D1743A1469E}.Release|Any CPU.ActiveCfg = Release|Any CPU
		{76EE3AF0-4D5B-48A1-8875-5D1743A1469E}.Release|Any CPU.Build.0 = Release|Any CPU
		{76EE3AF0-4D5B-48A1-8875-5D1743A1469E}.Release|x64.ActiveCfg = Release|Any CPU
		{76EE3AF0-4D5B-48A1-8875-5D1743A1469E}.Release|x64.Build.0 = Release|Any CPU
		{76EE3AF0-4D5B-48A1-8875-5D1743A1469E}.Release|x86.ActiveCfg = Release|Any CPU
		{76EE3AF0-4D5B-48A1-8875-5D1743A1469E}.Release|x86.Build.0 = Release|Any CPU
		{36E425A6-C986-4BAB-9843-9F97375A1A99}.Debug|Any CPU.ActiveCfg = Debug|Any CPU
		{36E425A6-C986-4BAB-9843-9F97375A1A99}.Debug|Any CPU.Build.0 = Debug|Any CPU
		{36E425A6-C986-4BAB-9843-9F97375A1A99}.Debug|x64.ActiveCfg = Debug|Any CPU
		{36E425A6-C986-4BAB-9843-9F97375A1A99}.Debug|x64.Build.0 = Debug|Any CPU
		{36E425A6-C986-4BAB-9843-9F97375A1A99}.Debug|x86.ActiveCfg = Debug|Any CPU
		{36E425A6-C986-4BAB-9843-9F97375A1A99}.Debug|x86.Build.0 = Debug|Any CPU
		{36E425A6-C986-4BAB-9843-9F97375A1A99}.Release|Any CPU.ActiveCfg = Release|Any CPU
		{36E425A6-C986-4BAB-9843-9F97375A1A99}.Release|Any CPU.Build.0 = Release|Any CPU
		{36E425A6-C986-4BAB-9843-9F97375A1A99}.Release|x64.ActiveCfg = Release|Any CPU
		{36E425A6-C986-4BAB-9843-9F97375A1A99}.Release|x64.Build.0 = Release|Any CPU
		{36E425A6-C986-4BAB-9843-9F97375A1A99}.Release|x86.ActiveCfg = Release|Any CPU
		{36E425A6-C986-4BAB-9843-9F97375A1A99}.Release|x86.Build.0 = Release|Any CPU
		{D84F3BCB-6D95-42F6-8A7F-6CD6D945EC09}.Debug|Any CPU.ActiveCfg = Debug|Any CPU
		{D84F3BCB-6D95-42F6-8A7F-6CD6D945EC09}.Debug|Any CPU.Build.0 = Debug|Any CPU
		{D84F3BCB-6D95-42F6-8A7F-6CD6D945EC09}.Debug|x64.ActiveCfg = Debug|Any CPU
		{D84F3BCB-6D95-42F6-8A7F-6CD6D945EC09}.Debug|x64.Build.0 = Debug|Any CPU
		{D84F3BCB-6D95-42F6-8A7F-6CD6D945EC09}.Debug|x86.ActiveCfg = Debug|Any CPU
		{D84F3BCB-6D95-42F6-8A7F-6CD6D945EC09}.Debug|x86.Build.0 = Debug|Any CPU
		{D84F3BCB-6D95-42F6-8A7F-6CD6D945EC09}.Release|Any CPU.ActiveCfg = Release|Any CPU
		{D84F3BCB-6D95-42F6-8A7F-6CD6D945EC09}.Release|Any CPU.Build.0 = Release|Any CPU
		{D84F3BCB-6D95-42F6-8A7F-6CD6D945EC09}.Release|x64.ActiveCfg = Release|Any CPU
		{D84F3BCB-6D95-42F6-8A7F-6CD6D945EC09}.Release|x64.Build.0 = Release|Any CPU
		{D84F3BCB-6D95-42F6-8A7F-6CD6D945EC09}.Release|x86.ActiveCfg = Release|Any CPU
		{D84F3BCB-6D95-42F6-8A7F-6CD6D945EC09}.Release|x86.Build.0 = Release|Any CPU
		{03031738-D01B-49E3-B877-2DC286867FC9}.Debug|Any CPU.ActiveCfg = Debug|Any CPU
		{03031738-D01B-49E3-B877-2DC286867FC9}.Debug|Any CPU.Build.0 = Debug|Any CPU
		{03031738-D01B-49E3-B877-2DC286867FC9}.Debug|x64.ActiveCfg = Debug|Any CPU
		{03031738-D01B-49E3-B877-2DC286867FC9}.Debug|x64.Build.0 = Debug|Any CPU
		{03031738-D01B-49E3-B877-2DC286867FC9}.Debug|x86.ActiveCfg = Debug|Any CPU
		{03031738-D01B-49E3-B877-2DC286867FC9}.Debug|x86.Build.0 = Debug|Any CPU
		{03031738-D01B-49E3-B877-2DC286867FC9}.Release|Any CPU.ActiveCfg = Release|Any CPU
		{03031738-D01B-49E3-B877-2DC286867FC9}.Release|Any CPU.Build.0 = Release|Any CPU
		{03031738-D01B-49E3-B877-2DC286867FC9}.Release|x64.ActiveCfg = Release|Any CPU
		{03031738-D01B-49E3-B877-2DC286867FC9}.Release|x64.Build.0 = Release|Any CPU
		{03031738-D01B-49E3-B877-2DC286867FC9}.Release|x86.ActiveCfg = Release|Any CPU
		{03031738-D01B-49E3-B877-2DC286867FC9}.Release|x86.Build.0 = Release|Any CPU
	EndGlobalSection
	GlobalSection(SolutionProperties) = preSolution
		HideSolutionNode = FALSE
	EndGlobalSection
	GlobalSection(NestedProjects) = preSolution
		{D1CC847F-85BD-47A4-8F7C-2C7DCD023204} = {5AEB0759-025D-47CD-A529-FF7FE61C9C49}
		{0C1268BE-5C2E-4CBB-A9C8-553097CEDBBE} = {5AEB0759-025D-47CD-A529-FF7FE61C9C49}
		{76EE3AF0-4D5B-48A1-8875-5D1743A1469E} = {5AEB0759-025D-47CD-A529-FF7FE61C9C49}
		{36E425A6-C986-4BAB-9843-9F97375A1A99} = {5AEB0759-025D-47CD-A529-FF7FE61C9C49}
		{03031738-D01B-49E3-B877-2DC286867FC9} = {5AEB0759-025D-47CD-A529-FF7FE61C9C49}
	EndGlobalSection
	GlobalSection(Performance) = preSolution
		HasPerformanceSessions = true
	EndGlobalSection
	GlobalSection(Performance) = preSolution
		HasPerformanceSessions = true
	EndGlobalSection
	GlobalSection(Performance) = preSolution
		HasPerformanceSessions = true
	EndGlobalSection
	GlobalSection(Performance) = preSolution
		HasPerformanceSessions = true
	EndGlobalSection
EndGlobal
